
Microsoft Visual Studio Solution File, Format Version 12.00
# Visual Studio Version 17
VisualStudioVersion = 17.8.34322.80
MinimumVisualStudioVersion = 10.0.40219.1
Project("{FAE04EC0-301F-11D3-BF4B-00C04F79EFBC}") = "TempCheck", "TempCheck\TempCheck.csproj", "{122EFA9A-39CB-4BB0-B9D5-4C7A3511F5A2}"
EndProject
Global
	GlobalSection(SolutionConfigurationPlatforms) = preSolution
		Debug|Any CPU = Debug|Any CPU
		Release|Any CPU = Release|Any CPU
	EndGlobalSection
	GlobalSection(ProjectConfigurationPlatforms) = postSolution
		{122EFA9A-39CB-4BB0-B9D5-4C7A3511F5A2}.Debug|Any CPU.ActiveCfg = Debug|Any CPU
		{122EFA9A-39CB-4BB0-B9D5-4C7A3511F5A2}.Debug|Any CPU.Build.0 = Debug|Any CPU
		{122EFA9A-39CB-4BB0-B9D5-4C7A3511F5A2}.Release|Any CPU.ActiveCfg = Release|Any CPU
		{122EFA9A-39CB-4BB0-B9D5-4C7A3511F5A2}.Release|Any CPU.Build.0 = Release|Any CPU
	EndGlobalSection
	GlobalSection(SolutionProperties) = preSolution
		HideSolutionNode = FALSE
	EndGlobalSection
	GlobalSection(ExtensibilityGlobals) = postSolution
		SolutionGuid = {425333FD-8B9D-46C3-B004-DD656C4EF130}
	EndGlobalSection
EndGlobal
